
Microsoft Visual Studio Solution File, Format Version 12.00
# Visual Studio 15
VisualStudioVersion = 15.0.26430.15
MinimumVisualStudioVersion = 10.0.40219.1
Project("{FAE04EC0-301F-11D3-BF4B-00C04F79EFBC}") = "ToDoList.Service", "..\ToDoList.Service\ToDoList.Service.csproj", "{471F632F-83C1-4CF3-A3CE-A2EC27B0F258}"
EndProject
Project("{FAE04EC0-301F-11D3-BF4B-00C04F79EFBC}") = "ToDoList.Test", "ToDoList.Test\ToDoList.Test.csproj", "{EC43E4EC-FED1-470C-8ED3-70F8540F9FBE}"
EndProject
Global
	GlobalSection(SolutionConfigurationPlatforms) = preSolution
		Debug|Any CPU = Debug|Any CPU
		Release|Any CPU = Release|Any CPU
	EndGlobalSection
	GlobalSection(ProjectConfigurationPlatforms) = postSolution
		{471F632F-83C1-4CF3-A3CE-A2EC27B0F258}.Debug|Any CPU.ActiveCfg = Debug|Any CPU
		{471F632F-83C1-4CF3-A3CE-A2EC27B0F258}.Debug|Any CPU.Build.0 = Debug|Any CPU
		{471F632F-83C1-4CF3-A3CE-A2EC27B0F258}.Release|Any CPU.ActiveCfg = Release|Any CPU
		{471F632F-83C1-4CF3-A3CE-A2EC27B0F258}.Release|Any CPU.Build.0 = Release|Any CPU
		{EC43E4EC-FED1-470C-8ED3-70F8540F9FBE}.Debug|Any CPU.ActiveCfg = Debug|Any CPU
		{EC43E4EC-FED1-470C-8ED3-70F8540F9FBE}.Debug|Any CPU.Build.0 = Debug|Any CPU
		{EC43E4EC-FED1-470C-8ED3-70F8540F9FBE}.Release|Any CPU.ActiveCfg = Release|Any CPU
		{EC43E4EC-FED1-470C-8ED3-70F8540F9FBE}.Release|Any CPU.Build.0 = Release|Any CPU
	EndGlobalSection
	GlobalSection(SolutionProperties) = preSolution
		HideSolutionNode = FALSE
	EndGlobalSection
EndGlobal
